
Microsoft Visual Studio Solution File, Format Version 12.00
# Visual Studio Version 16
VisualStudioVersion = 16.0.30907.101
MinimumVisualStudioVersion = 10.0.40219.1
Project("{FAE04EC0-301F-11D3-BF4B-00C04F79EFBC}") = "Templ.Utilities", "Templ.Utilities.csproj", "{7ECFEB92-A12E-4652-85D5-0319899C80A3}"
EndProject
Global
	GlobalSection(SolutionConfigurationPlatforms) = preSolution
		Debug|Any CPU = Debug|Any CPU
		Release|Any CPU = Release|Any CPU
	EndGlobalSection
	GlobalSection(ProjectConfigurationPlatforms) = postSolution
		{7ECFEB92-A12E-4652-85D5-0319899C80A3}.Debug|Any CPU.ActiveCfg = Debug|Any CPU
		{7ECFEB92-A12E-4652-85D5-0319899C80A3}.Debug|Any CPU.Build.0 = Debug|Any CPU
		{7ECFEB92-A12E-4652-85D5-0319899C80A3}.Release|Any CPU.ActiveCfg = Release|Any CPU
		{7ECFEB92-A12E-4652-85D5-0319899C80A3}.Release|Any CPU.Build.0 = Release|Any CPU
	EndGlobalSection
	GlobalSection(SolutionProperties) = preSolution
		HideSolutionNode = FALSE
	EndGlobalSection
	GlobalSection(ExtensibilityGlobals) = postSolution
		SolutionGuid = {67918EC7-79C0-41D0-9505-BDCBCA604353}
	EndGlobalSection
EndGlobal
